
Microsoft Visual Studio Solution File, Format Version 12.00
# Visual Studio Version 16
VisualStudioVersion = 16.0.28803.202
MinimumVisualStudioVersion = 10.0.40219.1
Project("{9A19103F-16F7-4668-BE54-9A1E7A4F7556}") = "Exchange.API", "src\Services\Exchange\Exchange.API\Exchange.API.csproj", "{0F15DFDB-5D92-466A-9438-7054F5A7220C}"
EndProject
Project("{2150E333-8FDC-42A3-9474-1A3956D46DE8}") = "src", "src", "{D3F79DC2-141E-40A0-9EF0-E60B6AC3D496}"
EndProject
Project("{2150E333-8FDC-42A3-9474-1A3956D46DE8}") = "Services", "Services", "{5A6517D3-A3C3-42EF-9629-0E20723DC964}"
EndProject
Project("{2150E333-8FDC-42A3-9474-1A3956D46DE8}") = "Exchange", "Exchange", "{B2CCCF28-BE3E-4789-BF01-745791F43351}"
EndProject
Project("{FAE04EC0-301F-11D3-BF4B-00C04F79EFBC}") = "Infrastructure", "src\Infrastructure\Infrastructure.csproj", "{CCCE77EC-B224-4015-8C31-6BF71169CC58}"
EndProject
Project("{2150E333-8FDC-42A3-9474-1A3956D46DE8}") = "Common", "Common", "{F85C68EF-E9BC-4B2C-8C53-18C8C69A4655}"
EndProject
Global
	GlobalSection(SolutionConfigurationPlatforms) = preSolution
		Debug|Any CPU = Debug|Any CPU
		Release|Any CPU = Release|Any CPU
	EndGlobalSection
	GlobalSection(ProjectConfigurationPlatforms) = postSolution
		{0F15DFDB-5D92-466A-9438-7054F5A7220C}.Debug|Any CPU.ActiveCfg = Debug|Any CPU
		{0F15DFDB-5D92-466A-9438-7054F5A7220C}.Debug|Any CPU.Build.0 = Debug|Any CPU
		{0F15DFDB-5D92-466A-9438-7054F5A7220C}.Release|Any CPU.ActiveCfg = Release|Any CPU
		{0F15DFDB-5D92-466A-9438-7054F5A7220C}.Release|Any CPU.Build.0 = Release|Any CPU
		{CCCE77EC-B224-4015-8C31-6BF71169CC58}.Debug|Any CPU.ActiveCfg = Debug|Any CPU
		{CCCE77EC-B224-4015-8C31-6BF71169CC58}.Debug|Any CPU.Build.0 = Debug|Any CPU
		{CCCE77EC-B224-4015-8C31-6BF71169CC58}.Release|Any CPU.ActiveCfg = Release|Any CPU
		{CCCE77EC-B224-4015-8C31-6BF71169CC58}.Release|Any CPU.Build.0 = Release|Any CPU
	EndGlobalSection
	GlobalSection(SolutionProperties) = preSolution
		HideSolutionNode = FALSE
	EndGlobalSection
	GlobalSection(NestedProjects) = preSolution
		{0F15DFDB-5D92-466A-9438-7054F5A7220C} = {B2CCCF28-BE3E-4789-BF01-745791F43351}
		{5A6517D3-A3C3-42EF-9629-0E20723DC964} = {D3F79DC2-141E-40A0-9EF0-E60B6AC3D496}
		{B2CCCF28-BE3E-4789-BF01-745791F43351} = {5A6517D3-A3C3-42EF-9629-0E20723DC964}
		{CCCE77EC-B224-4015-8C31-6BF71169CC58} = {F85C68EF-E9BC-4B2C-8C53-18C8C69A4655}
		{F85C68EF-E9BC-4B2C-8C53-18C8C69A4655} = {D3F79DC2-141E-40A0-9EF0-E60B6AC3D496}
	EndGlobalSection
	GlobalSection(ExtensibilityGlobals) = postSolution
		SolutionGuid = {B6FB60CD-DF84-4149-B323-0FFC84D2241A}
	EndGlobalSection
EndGlobal
